
Microsoft Visual Studio Solution File, Format Version 12.00
# Visual Studio Version 16
VisualStudioVersion = 16.0.31205.134
MinimumVisualStudioVersion = 10.0.40219.1
Project("{FAE04EC0-301F-11D3-BF4B-00C04F79EFBC}") = "ejemplo-model", "ejemplo-model\ejemplo-model.csproj", "{7435E1DE-23BB-41E3-8193-C6B370E65F06}"
EndProject
Project("{FAE04EC0-301F-11D3-BF4B-00C04F79EFBC}") = "FunctionApp1", "FunctionApp1\FunctionApp1.csproj", "{578D1885-7F4A-4CC4-ABA2-A2A1A9599D4E}"
EndProject
Project("{FAE04EC0-301F-11D3-BF4B-00C04F79EFBC}") = "middleware", "middleware\middleware.csproj", "{0997CECF-1A8B-4259-8E0C-3081534C92F4}"
EndProject
Global
	GlobalSection(SolutionConfigurationPlatforms) = preSolution
		Debug|Any CPU = Debug|Any CPU
		Release|Any CPU = Release|Any CPU
	EndGlobalSection
	GlobalSection(ProjectConfigurationPlatforms) = postSolution
		{7435E1DE-23BB-41E3-8193-C6B370E65F06}.Debug|Any CPU.ActiveCfg = Debug|Any CPU
		{7435E1DE-23BB-41E3-8193-C6B370E65F06}.Debug|Any CPU.Build.0 = Debug|Any CPU
		{7435E1DE-23BB-41E3-8193-C6B370E65F06}.Release|Any CPU.ActiveCfg = Release|Any CPU
		{7435E1DE-23BB-41E3-8193-C6B370E65F06}.Release|Any CPU.Build.0 = Release|Any CPU
		{578D1885-7F4A-4CC4-ABA2-A2A1A9599D4E}.Debug|Any CPU.ActiveCfg = Debug|Any CPU
		{578D1885-7F4A-4CC4-ABA2-A2A1A9599D4E}.Debug|Any CPU.Build.0 = Debug|Any CPU
		{578D1885-7F4A-4CC4-ABA2-A2A1A9599D4E}.Release|Any CPU.ActiveCfg = Release|Any CPU
		{578D1885-7F4A-4CC4-ABA2-A2A1A9599D4E}.Release|Any CPU.Build.0 = Release|Any CPU
		{0997CECF-1A8B-4259-8E0C-3081534C92F4}.Debug|Any CPU.ActiveCfg = Debug|Any CPU
		{0997CECF-1A8B-4259-8E0C-3081534C92F4}.Debug|Any CPU.Build.0 = Debug|Any CPU
		{0997CECF-1A8B-4259-8E0C-3081534C92F4}.Release|Any CPU.ActiveCfg = Release|Any CPU
		{0997CECF-1A8B-4259-8E0C-3081534C92F4}.Release|Any CPU.Build.0 = Release|Any CPU
	EndGlobalSection
	GlobalSection(SolutionProperties) = preSolution
		HideSolutionNode = FALSE
	EndGlobalSection
	GlobalSection(ExtensibilityGlobals) = postSolution
		SolutionGuid = {9FBCD10F-AF03-47BF-AD7C-A56551875650}
	EndGlobalSection
EndGlobal
